
Microsoft Visual Studio Solution File, Format Version 12.00
# Visual Studio Version 17
VisualStudioVersion = 17.5.002.0
MinimumVisualStudioVersion = 10.0.40219.1
Project("{9A19103F-16F7-4668-BE54-9A1E7A4F7556}") = "homework_blazor", "homework_blazor.csproj", "{638CD322-6A08-45DD-9E3D-89E3C313995F}"
EndProject
Global
	GlobalSection(SolutionConfigurationPlatforms) = preSolution
		Debug|Any CPU = Debug|Any CPU
		Release|Any CPU = Release|Any CPU
	EndGlobalSection
	GlobalSection(ProjectConfigurationPlatforms) = postSolution
		{638CD322-6A08-45DD-9E3D-89E3C313995F}.Debug|Any CPU.ActiveCfg = Debug|Any CPU
		{638CD322-6A08-45DD-9E3D-89E3C313995F}.Debug|Any CPU.Build.0 = Debug|Any CPU
		{638CD322-6A08-45DD-9E3D-89E3C313995F}.Release|Any CPU.ActiveCfg = Release|Any CPU
		{638CD322-6A08-45DD-9E3D-89E3C313995F}.Release|Any CPU.Build.0 = Release|Any CPU
	EndGlobalSection
	GlobalSection(SolutionProperties) = preSolution
		HideSolutionNode = FALSE
	EndGlobalSection
	GlobalSection(ExtensibilityGlobals) = postSolution
		SolutionGuid = {3A7C3A5C-41B2-42C7-AA58-CA7811FDA597}
	EndGlobalSection
EndGlobal
